// !$*UTF8*$!
{
	archiveVersion = 1;
	classes = {
	};
	objectVersion = 51;
	objects = {

/* Begin PBXBuildFile section */
		2E867C75FB349CF30DEE35FB /* Pods_NIBMCafeteria.framework in Frameworks */ = {isa = PBXBuildFile; fileRef = 07617FF86B23BE39632F1965 /* Pods_NIBMCafeteria.framework */; };
		8C046C5C25E6A352001F2CA9 /* CustomComponents.swift in Sources */ = {isa = PBXBuildFile; fileRef = 8C046C5B25E6A352001F2CA9 /* CustomComponents.swift */; };
		8C046C5F25E6A92B001F2CA9 /* RequestLocationVC.swift in Sources */ = {isa = PBXBuildFile; fileRef = 8C046C5E25E6A92B001F2CA9 /* RequestLocationVC.swift */; };
		8C1A89F225ECAC6A0038295E /* FoodVC.swift in Sources */ = {isa = PBXBuildFile; fileRef = 8C1A89F125ECAC6A0038295E /* FoodVC.swift */; };
		8C1A89F525ECAC780038295E /* OrderVC.swift in Sources */ = {isa = PBXBuildFile; fileRef = 8C1A89F425ECAC780038295E /* OrderVC.swift */; };
		8C1A89F825ECAC8F0038295E /* AccountVC.swift in Sources */ = {isa = PBXBuildFile; fileRef = 8C1A89F725ECAC8F0038295E /* AccountVC.swift */; };
		8C1A89FB25ECADD40038295E /* OrderCell.swift in Sources */ = {isa = PBXBuildFile; fileRef = 8C1A89FA25ECADD40038295E /* OrderCell.swift */; };
		8C1A89FE25ECBDD60038295E /* FoodCategoryCell.swift in Sources */ = {isa = PBXBuildFile; fileRef = 8C1A89FD25ECBDD60038295E /* FoodCategoryCell.swift */; };
		8C59866525E4B628005A6F74 /* AppDelegate.swift in Sources */ = {isa = PBXBuildFile; fileRef = 8C59866425E4B628005A6F74 /* AppDelegate.swift */; };
		8C59866725E4B628005A6F74 /* SceneDelegate.swift in Sources */ = {isa = PBXBuildFile; fileRef = 8C59866625E4B628005A6F74 /* SceneDelegate.swift */; };
		8C59866C25E4B628005A6F74 /* Main.storyboard in Resources */ = {isa = PBXBuildFile; fileRef = 8C59866A25E4B628005A6F74 /* Main.storyboard */; };
		8C59866E25E4B62F005A6F74 /* Assets.xcassets in Resources */ = {isa = PBXBuildFile; fileRef = 8C59866D25E4B62F005A6F74 /* Assets.xcassets */; };
		8C59867125E4B62F005A6F74 /* LaunchScreen.storyboard in Resources */ = {isa = PBXBuildFile; fileRef = 8C59866F25E4B62F005A6F74 /* LaunchScreen.storyboard */; };
		8C59868425E4C399005A6F74 /* TabBarController.storyboard in Resources */ = {isa = PBXBuildFile; fileRef = 8C59868325E4C399005A6F74 /* TabBarController.storyboard */; };
		8C6D7A8325EFD37900F2FCF0 /* Food.swift in Sources */ = {isa = PBXBuildFile; fileRef = 8C6D7A8225EFD37800F2FCF0 /* Food.swift */; };
		8C6D7A8725EFD58100F2FCF0 /* Category.swift in Sources */ = {isa = PBXBuildFile; fileRef = 8C6D7A8625EFD58100F2FCF0 /* Category.swift */; };
		8C8A4E6B25F1267E00756143 /* User.swift in Sources */ = {isa = PBXBuildFile; fileRef = 8C8A4E6A25F1267E00756143 /* User.swift */; };
		8C8A4E6E25F128A100756143 /* Account.swift in Sources */ = {isa = PBXBuildFile; fileRef = 8C8A4E6D25F128A100756143 /* Account.swift */; };
		8C8A4E7125F1515300756143 /* DateService.swift in Sources */ = {isa = PBXBuildFile; fileRef = 8C8A4E7025F1515300756143 /* DateService.swift */; };
		8C8A4E7825F21D9C00756143 /* CartObject.swift in Sources */ = {isa = PBXBuildFile; fileRef = 8C8A4E7725F21D9C00756143 /* CartObject.swift */; };
		8CAF029D25E55253006980BE /* LoginVC.swift in Sources */ = {isa = PBXBuildFile; fileRef = 8CAF029C25E55253006980BE /* LoginVC.swift */; };
		8CAF02A025E55261006980BE /* RegisterVC.swift in Sources */ = {isa = PBXBuildFile; fileRef = 8CAF029F25E55261006980BE /* RegisterVC.swift */; };
		8CC8896425E55BA200B01434 /* GoogleService-Info.plist in Resources */ = {isa = PBXBuildFile; fileRef = 8CC8896325E55BA200B01434 /* GoogleService-Info.plist */; };
		8CC8896B25E55F6E00B01434 /* Utilities.swift in Sources */ = {isa = PBXBuildFile; fileRef = 8CC8896A25E55F6E00B01434 /* Utilities.swift */; };
		8CC8897125E5F97200B01434 /* AlertProvider.swift in Sources */ = {isa = PBXBuildFile; fileRef = 8CC8897025E5F97200B01434 /* AlertProvider.swift */; };
		8CC8897425E5FA4F00B01434 /* Localizator.swift in Sources */ = {isa = PBXBuildFile; fileRef = 8CC8897325E5FA4F00B01434 /* Localizator.swift */; };
		8CC8897B25E60F0A00B01434 /* ResetPasswordVC.swift in Sources */ = {isa = PBXBuildFile; fileRef = 8CC8897A25E60F0A00B01434 /* ResetPasswordVC.swift */; };
		8CC8897E25E6158C00B01434 /* Home.storyboard in Resources */ = {isa = PBXBuildFile; fileRef = 8CC8897D25E6158C00B01434 /* Home.storyboard */; };
		8CC8898725E616B800B01434 /* MainTBC.swift in Sources */ = {isa = PBXBuildFile; fileRef = 8CC8898625E616B800B01434 /* MainTBC.swift */; };
		8CF03DA425ECEFC4007BDFD6 /* FoodCell.swift in Sources */ = {isa = PBXBuildFile; fileRef = 8CF03DA325ECEFC4007BDFD6 /* FoodCell.swift */; };
		8CF03DA825ED16E4007BDFD6 /* Cart.swift in Sources */ = {isa = PBXBuildFile; fileRef = 8CF03DA725ED16E4007BDFD6 /* Cart.swift */; };
		8CF03DAE25ED1F5F007BDFD6 /* ViewFoodVC.swift in Sources */ = {isa = PBXBuildFile; fileRef = 8CF03DAD25ED1F5F007BDFD6 /* ViewFoodVC.swift */; };
		8CF03DCF25ED2A54007BDFD6 /* CartCell.swift in Sources */ = {isa = PBXBuildFile; fileRef = 8CF03DCE25ED2A54007BDFD6 /* CartCell.swift */; };
/* End PBXBuildFile section */

/* Begin PBXFileReference section */
		07617FF86B23BE39632F1965 /* Pods_NIBMCafeteria.framework */ = {isa = PBXFileReference; explicitFileType = wrapper.framework; includeInIndex = 0; path = Pods_NIBMCafeteria.framework; sourceTree = BUILT_PRODUCTS_DIR; };
		07B18C723D54391472F2DAE4 /* Pods-NIBMCafeteria.debug.xcconfig */ = {isa = PBXFileReference; includeInIndex = 1; lastKnownFileType = text.xcconfig; name = "Pods-NIBMCafeteria.debug.xcconfig"; path = "Target Support Files/Pods-NIBMCafeteria/Pods-NIBMCafeteria.debug.xcconfig"; sourceTree = "<group>"; };
		1149C2DDA9F4792E2CE89DBB /* Pods-NIBMCafeteria.release.xcconfig */ = {isa = PBXFileReference; includeInIndex = 1; lastKnownFileType = text.xcconfig; name = "Pods-NIBMCafeteria.release.xcconfig"; path = "Target Support Files/Pods-NIBMCafeteria/Pods-NIBMCafeteria.release.xcconfig"; sourceTree = "<group>"; };
		8C046C5B25E6A352001F2CA9 /* CustomComponents.swift */ = {isa = PBXFileReference; lastKnownFileType = sourcecode.swift; path = CustomComponents.swift; sourceTree = "<group>"; };
		8C046C5E25E6A92B001F2CA9 /* RequestLocationVC.swift */ = {isa = PBXFileReference; lastKnownFileType = sourcecode.swift; path = RequestLocationVC.swift; sourceTree = "<group>"; };
		8C1A89F125ECAC6A0038295E /* FoodVC.swift */ = {isa = PBXFileReference; lastKnownFileType = sourcecode.swift; path = FoodVC.swift; sourceTree = "<group>"; };
		8C1A89F425ECAC780038295E /* OrderVC.swift */ = {isa = PBXFileReference; lastKnownFileType = sourcecode.swift; path = OrderVC.swift; sourceTree = "<group>"; };
		8C1A89F725ECAC8F0038295E /* AccountVC.swift */ = {isa = PBXFileReference; lastKnownFileType = sourcecode.swift; path = AccountVC.swift; sourceTree = "<group>"; };
		8C1A89FA25ECADD40038295E /* OrderCell.swift */ = {isa = PBXFileReference; lastKnownFileType = sourcecode.swift; path = OrderCell.swift; sourceTree = "<group>"; };
		8C1A89FD25ECBDD60038295E /* FoodCategoryCell.swift */ = {isa = PBXFileReference; lastKnownFileType = sourcecode.swift; path = FoodCategoryCell.swift; sourceTree = "<group>"; };
		8C59866125E4B628005A6F74 /* NIBMCafeteria.app */ = {isa = PBXFileReference; explicitFileType = wrapper.application; includeInIndex = 0; path = NIBMCafeteria.app; sourceTree = BUILT_PRODUCTS_DIR; };
		8C59866425E4B628005A6F74 /* AppDelegate.swift */ = {isa = PBXFileReference; lastKnownFileType = sourcecode.swift; path = AppDelegate.swift; sourceTree = "<group>"; };
		8C59866625E4B628005A6F74 /* SceneDelegate.swift */ = {isa = PBXFileReference; lastKnownFileType = sourcecode.swift; path = SceneDelegate.swift; sourceTree = "<group>"; };
		8C59866B25E4B628005A6F74 /* Base */ = {isa = PBXFileReference; lastKnownFileType = file.storyboard; name = Base; path = Base.lproj/Main.storyboard; sourceTree = "<group>"; };
		8C59866D25E4B62F005A6F74 /* Assets.xcassets */ = {isa = PBXFileReference; lastKnownFileType = folder.assetcatalog; path = Assets.xcassets; sourceTree = "<group>"; };
		8C59867025E4B62F005A6F74 /* Base */ = {isa = PBXFileReference; lastKnownFileType = file.storyboard; name = Base; path = Base.lproj/LaunchScreen.storyboard; sourceTree = "<group>"; };
		8C59867225E4B62F005A6F74 /* Info.plist */ = {isa = PBXFileReference; lastKnownFileType = text.plist.xml; path = Info.plist; sourceTree = "<group>"; };
		8C59868325E4C399005A6F74 /* TabBarController.storyboard */ = {isa = PBXFileReference; lastKnownFileType = file.storyboard; path = TabBarController.storyboard; sourceTree = "<group>"; };
		8C6D7A8225EFD37800F2FCF0 /* Food.swift */ = {isa = PBXFileReference; lastKnownFileType = sourcecode.swift; path = Food.swift; sourceTree = "<group>"; };
		8C6D7A8625EFD58100F2FCF0 /* Category.swift */ = {isa = PBXFileReference; lastKnownFileType = sourcecode.swift; path = Category.swift; sourceTree = "<group>"; };
		8C8A4E6A25F1267E00756143 /* User.swift */ = {isa = PBXFileReference; lastKnownFileType = sourcecode.swift; path = User.swift; sourceTree = "<group>"; };
		8C8A4E6D25F128A100756143 /* Account.swift */ = {isa = PBXFileReference; lastKnownFileType = sourcecode.swift; path = Account.swift; sourceTree = "<group>"; };
		8C8A4E7025F1515300756143 /* DateService.swift */ = {isa = PBXFileReference; lastKnownFileType = sourcecode.swift; path = DateService.swift; sourceTree = "<group>"; };
		8C8A4E7725F21D9C00756143 /* CartObject.swift */ = {isa = PBXFileReference; lastKnownFileType = sourcecode.swift; path = CartObject.swift; sourceTree = "<group>"; };
		8CAF029C25E55253006980BE /* LoginVC.swift */ = {isa = PBXFileReference; lastKnownFileType = sourcecode.swift; path = LoginVC.swift; sourceTree = "<group>"; };
		8CAF029F25E55261006980BE /* RegisterVC.swift */ = {isa = PBXFileReference; lastKnownFileType = sourcecode.swift; path = RegisterVC.swift; sourceTree = "<group>"; };
		8CC8896325E55BA200B01434 /* GoogleService-Info.plist */ = {isa = PBXFileReference; fileEncoding = 4; lastKnownFileType = text.plist.xml; path = "GoogleService-Info.plist"; sourceTree = "<group>"; };
		8CC8896A25E55F6E00B01434 /* Utilities.swift */ = {isa = PBXFileReference; lastKnownFileType = sourcecode.swift; path = Utilities.swift; sourceTree = "<group>"; };
		8CC8897025E5F97200B01434 /* AlertProvider.swift */ = {isa = PBXFileReference; fileEncoding = 4; lastKnownFileType = sourcecode.swift; path = AlertProvider.swift; sourceTree = "<group>"; };
		8CC8897325E5FA4F00B01434 /* Localizator.swift */ = {isa = PBXFileReference; fileEncoding = 4; lastKnownFileType = sourcecode.swift; path = Localizator.swift; sourceTree = "<group>"; };
		8CC8897A25E60F0A00B01434 /* ResetPasswordVC.swift */ = {isa = PBXFileReference; lastKnownFileType = sourcecode.swift; path = ResetPasswordVC.swift; sourceTree = "<group>"; };
		8CC8897D25E6158C00B01434 /* Home.storyboard */ = {isa = PBXFileReference; lastKnownFileType = file.storyboard; path = Home.storyboard; sourceTree = "<group>"; };
		8CC8898625E616B800B01434 /* MainTBC.swift */ = {isa = PBXFileReference; lastKnownFileType = sourcecode.swift; path = MainTBC.swift; sourceTree = "<group>"; };
		8CF03DA325ECEFC4007BDFD6 /* FoodCell.swift */ = {isa = PBXFileReference; lastKnownFileType = sourcecode.swift; path = FoodCell.swift; sourceTree = "<group>"; };
		8CF03DA725ED16E4007BDFD6 /* Cart.swift */ = {isa = PBXFileReference; lastKnownFileType = sourcecode.swift; path = Cart.swift; sourceTree = "<group>"; };
		8CF03DAD25ED1F5F007BDFD6 /* ViewFoodVC.swift */ = {isa = PBXFileReference; lastKnownFileType = sourcecode.swift; path = ViewFoodVC.swift; sourceTree = "<group>"; };
		8CF03DCE25ED2A54007BDFD6 /* CartCell.swift */ = {isa = PBXFileReference; lastKnownFileType = sourcecode.swift; path = CartCell.swift; sourceTree = "<group>"; };
/* End PBXFileReference section */

/* Begin PBXFrameworksBuildPhase section */
		8C59865E25E4B628005A6F74 /* Frameworks */ = {
			isa = PBXFrameworksBuildPhase;
			buildActionMask = 2147483647;
			files = (
				2E867C75FB349CF30DEE35FB /* Pods_NIBMCafeteria.framework in Frameworks */,
			);
			runOnlyForDeploymentPostprocessing = 0;
		};
/* End PBXFrameworksBuildPhase section */

/* Begin PBXGroup section */
		55712F72EC48901F86F4178E /* Frameworks */ = {
			isa = PBXGroup;
			children = (
				07617FF86B23BE39632F1965 /* Pods_NIBMCafeteria.framework */,
			);
			name = Frameworks;
			sourceTree = "<group>";
		};
		8C1A89EB25ECA5280038295E /* Order */ = {
			isa = PBXGroup;
			children = (
				8C1A89F425ECAC780038295E /* OrderVC.swift */,
				8C1A89FA25ECADD40038295E /* OrderCell.swift */,
			);
			path = Order;
			sourceTree = "<group>";
		};
		8C1A89EE25ECA59A0038295E /* Food */ = {
			isa = PBXGroup;
			children = (
				8CF03DAC25ED1F45007BDFD6 /* ViewFood */,
				8C1A89F125ECAC6A0038295E /* FoodVC.swift */,
				8C1A89FD25ECBDD60038295E /* FoodCategoryCell.swift */,
				8CF03DA325ECEFC4007BDFD6 /* FoodCell.swift */,
				8CF03DCE25ED2A54007BDFD6 /* CartCell.swift */,
			);
			path = Food;
			sourceTree = "<group>";
		};
		8C1A89F025ECAC4F0038295E /* Account */ = {
			isa = PBXGroup;
			children = (
				8C1A89F725ECAC8F0038295E /* AccountVC.swift */,
			);
			path = Account;
			sourceTree = "<group>";
		};
		8C59865825E4B628005A6F74 = {
			isa = PBXGroup;
			children = (
				8C59866325E4B628005A6F74 /* NIBMCafeteria */,
				8C59866225E4B628005A6F74 /* Products */,
				C02FB84687626E7897BA9083 /* Pods */,
				55712F72EC48901F86F4178E /* Frameworks */,
			);
			sourceTree = "<group>";
		};
		8C59866225E4B628005A6F74 /* Products */ = {
			isa = PBXGroup;
			children = (
				8C59866125E4B628005A6F74 /* NIBMCafeteria.app */,
			);
			name = Products;
			sourceTree = "<group>";
		};
		8C59866325E4B628005A6F74 /* NIBMCafeteria */ = {
			isa = PBXGroup;
			children = (
				8C59866D25E4B62F005A6F74 /* Assets.xcassets */,
				8CC8896325E55BA200B01434 /* GoogleService-Info.plist */,
				8C59867225E4B62F005A6F74 /* Info.plist */,
				8CC8896D25E55F7500B01434 /* Helper */,
				8C59867925E4B64D005A6F74 /* Supporting Files */,
				8C59867B25E4B659005A6F74 /* View Controllers */,
				8CF03DA625ED16BF007BDFD6 /* Models */,
				8C59867E25E4B66E005A6F74 /* Story Boards */,
			);
			path = NIBMCafeteria;
			sourceTree = "<group>";
		};
		8C59867925E4B64D005A6F74 /* Supporting Files */ = {
			isa = PBXGroup;
			children = (
				8C59866425E4B628005A6F74 /* AppDelegate.swift */,
				8C59866625E4B628005A6F74 /* SceneDelegate.swift */,
			);
			path = "Supporting Files";
			sourceTree = "<group>";
		};
		8C59867B25E4B659005A6F74 /* View Controllers */ = {
			isa = PBXGroup;
			children = (
				8CC8898325E615FC00B01434 /* Auth */,
				8C1A89EE25ECA59A0038295E /* Food */,
				8C1A89EB25ECA5280038295E /* Order */,
				8C1A89F025ECAC4F0038295E /* Account */,
				8CC8898925E616BD00B01434 /* TBC */,
			);
			path = "View Controllers";
			sourceTree = "<group>";
		};
		8C59867E25E4B66E005A6F74 /* Story Boards */ = {
			isa = PBXGroup;
			children = (
				8C59866F25E4B62F005A6F74 /* LaunchScreen.storyboard */,
				8C59866A25E4B628005A6F74 /* Main.storyboard */,
				8CC8897D25E6158C00B01434 /* Home.storyboard */,
				8C59868325E4C399005A6F74 /* TabBarController.storyboard */,
			);
			path = "Story Boards";
			sourceTree = "<group>";
		};
		8CC8896D25E55F7500B01434 /* Helper */ = {
			isa = PBXGroup;
			children = (
				8CC8897025E5F97200B01434 /* AlertProvider.swift */,
				8CC8897325E5FA4F00B01434 /* Localizator.swift */,
				8CC8896A25E55F6E00B01434 /* Utilities.swift */,
				8C046C5B25E6A352001F2CA9 /* CustomComponents.swift */,
				8C8A4E7025F1515300756143 /* DateService.swift */,
			);
			path = Helper;
			sourceTree = "<group>";
		};
		8CC8898325E615FC00B01434 /* Auth */ = {
			isa = PBXGroup;
			children = (
				8CAF029C25E55253006980BE /* LoginVC.swift */,
				8CAF029F25E55261006980BE /* RegisterVC.swift */,
				8CC8897A25E60F0A00B01434 /* ResetPasswordVC.swift */,
				8C046C5E25E6A92B001F2CA9 /* RequestLocationVC.swift */,
			);
			path = Auth;
			sourceTree = "<group>";
		};
		8CC8898925E616BD00B01434 /* TBC */ = {
			isa = PBXGroup;
			children = (
				8CC8898625E616B800B01434 /* MainTBC.swift */,
			);
			path = TBC;
			sourceTree = "<group>";
		};
		8CF03DA625ED16BF007BDFD6 /* Models */ = {
			isa = PBXGroup;
			children = (
				8CF03DA725ED16E4007BDFD6 /* Cart.swift */,
				8C6D7A8225EFD37800F2FCF0 /* Food.swift */,
				8C6D7A8625EFD58100F2FCF0 /* Category.swift */,
				8C8A4E6A25F1267E00756143 /* User.swift */,
				8C8A4E6D25F128A100756143 /* Account.swift */,
				8C8A4E7725F21D9C00756143 /* CartObject.swift */,
			);
			path = Models;
			sourceTree = "<group>";
		};
		8CF03DAC25ED1F45007BDFD6 /* ViewFood */ = {
			isa = PBXGroup;
			children = (
				8CF03DAD25ED1F5F007BDFD6 /* ViewFoodVC.swift */,
			);
			path = ViewFood;
			sourceTree = "<group>";
		};
		C02FB84687626E7897BA9083 /* Pods */ = {
			isa = PBXGroup;
			children = (
				07B18C723D54391472F2DAE4 /* Pods-NIBMCafeteria.debug.xcconfig */,
				1149C2DDA9F4792E2CE89DBB /* Pods-NIBMCafeteria.release.xcconfig */,
			);
			path = Pods;
			sourceTree = "<group>";
		};
/* End PBXGroup section */

/* Begin PBXNativeTarget section */
		8C59866025E4B628005A6F74 /* NIBMCafeteria */ = {
			isa = PBXNativeTarget;
			buildConfigurationList = 8C59867525E4B62F005A6F74 /* Build configuration list for PBXNativeTarget "NIBMCafeteria" */;
			buildPhases = (
				858B1F22D0AB267A183E010F /* [CP] Check Pods Manifest.lock */,
				8C59865D25E4B628005A6F74 /* Sources */,
				8C59865E25E4B628005A6F74 /* Frameworks */,
				8C59865F25E4B628005A6F74 /* Resources */,
				66B9A14E57A01AD39EEE520A /* [CP] Embed Pods Frameworks */,
			);
			buildRules = (
			);
			dependencies = (
			);
			name = NIBMCafeteria;
			productName = NIBMCafeteria;
			productReference = 8C59866125E4B628005A6F74 /* NIBMCafeteria.app */;
			productType = "com.apple.product-type.application";
		};
/* End PBXNativeTarget section */

/* Begin PBXProject section */
		8C59865925E4B628005A6F74 /* Project object */ = {
			isa = PBXProject;
			attributes = {
				LastSwiftUpdateCheck = 1240;
				LastUpgradeCheck = 1240;
				TargetAttributes = {
					8C59866025E4B628005A6F74 = {
						CreatedOnToolsVersion = 12.4;
					};
				};
			};
			buildConfigurationList = 8C59865C25E4B628005A6F74 /* Build configuration list for PBXProject "NIBMCafeteria" */;
			compatibilityVersion = "Xcode 9.3";
			developmentRegion = en;
			hasScannedForEncodings = 0;
			knownRegions = (
				en,
				Base,
			);
			mainGroup = 8C59865825E4B628005A6F74;
			productRefGroup = 8C59866225E4B628005A6F74 /* Products */;
			projectDirPath = "";
			projectRoot = "";
			targets = (
				8C59866025E4B628005A6F74 /* NIBMCafeteria */,
			);
		};
/* End PBXProject section */

/* Begin PBXResourcesBuildPhase section */
		8C59865F25E4B628005A6F74 /* Resources */ = {
			isa = PBXResourcesBuildPhase;
			buildActionMask = 2147483647;
			files = (
				8C59867125E4B62F005A6F74 /* LaunchScreen.storyboard in Resources */,
				8C59866E25E4B62F005A6F74 /* Assets.xcassets in Resources */,
				8CC8896425E55BA200B01434 /* GoogleService-Info.plist in Resources */,
				8CC8897E25E6158C00B01434 /* Home.storyboard in Resources */,
				8C59868425E4C399005A6F74 /* TabBarController.storyboard in Resources */,
				8C59866C25E4B628005A6F74 /* Main.storyboard in Resources */,
			);
			runOnlyForDeploymentPostprocessing = 0;
		};
/* End PBXResourcesBuildPhase section */

/* Begin PBXShellScriptBuildPhase section */
		66B9A14E57A01AD39EEE520A /* [CP] Embed Pods Frameworks */ = {
			isa = PBXShellScriptBuildPhase;
			buildActionMask = 2147483647;
			files = (
			);
			inputFileListPaths = (
				"${PODS_ROOT}/Target Support Files/Pods-NIBMCafeteria/Pods-NIBMCafeteria-frameworks-${CONFIGURATION}-input-files.xcfilelist",
			);
			name = "[CP] Embed Pods Frameworks";
			outputFileListPaths = (
				"${PODS_ROOT}/Target Support Files/Pods-NIBMCafeteria/Pods-NIBMCafeteria-frameworks-${CONFIGURATION}-output-files.xcfilelist",
			);
			runOnlyForDeploymentPostprocessing = 0;
			shellPath = /bin/sh;
			shellScript = "\"${PODS_ROOT}/Target Support Files/Pods-NIBMCafeteria/Pods-NIBMCafeteria-frameworks.sh\"\n";
			showEnvVarsInLog = 0;
		};
		858B1F22D0AB267A183E010F /* [CP] Check Pods Manifest.lock */ = {
			isa = PBXShellScriptBuildPhase;
			buildActionMask = 2147483647;
			files = (
			);
			inputFileListPaths = (
			);
			inputPaths = (
				"${PODS_PODFILE_DIR_PATH}/Podfile.lock",
				"${PODS_ROOT}/Manifest.lock",
			);
			name = "[CP] Check Pods Manifest.lock";
			outputFileListPaths = (
			);
			outputPaths = (
				"$(DERIVED_FILE_DIR)/Pods-NIBMCafeteria-checkManifestLockResult.txt",
			);
			runOnlyForDeploymentPostprocessing = 0;
			shellPath = /bin/sh;
			shellScript = "diff \"${PODS_PODFILE_DIR_PATH}/Podfile.lock\" \"${PODS_ROOT}/Manifest.lock\" > /dev/null\nif [ $? != 0 ] ; then\n    # print error to STDERR\n    echo \"error: The sandbox is not in sync with the Podfile.lock. Run 'pod install' or update your CocoaPods installation.\" >&2\n    exit 1\nfi\n# This output is used by Xcode 'outputs' to avoid re-running this script phase.\necho \"SUCCESS\" > \"${SCRIPT_OUTPUT_FILE_0}\"\n";
			showEnvVarsInLog = 0;
		};
/* End PBXShellScriptBuildPhase section */

/* Begin PBXSourcesBuildPhase section */
		8C59865D25E4B628005A6F74 /* Sources */ = {
			isa = PBXSourcesBuildPhase;
			buildActionMask = 2147483647;
			files = (
				8CC8898725E616B800B01434 /* MainTBC.swift in Sources */,
				8C59866525E4B628005A6F74 /* AppDelegate.swift in Sources */,
				8CAF02A025E55261006980BE /* RegisterVC.swift in Sources */,
				8C59866725E4B628005A6F74 /* SceneDelegate.swift in Sources */,
				8C8A4E7125F1515300756143 /* DateService.swift in Sources */,
				8CC8896B25E55F6E00B01434 /* Utilities.swift in Sources */,
				8C8A4E6E25F128A100756143 /* Account.swift in Sources */,
				8CF03DAE25ED1F5F007BDFD6 /* ViewFoodVC.swift in Sources */,
				8C8A4E7825F21D9C00756143 /* CartObject.swift in Sources */,
				8CAF029D25E55253006980BE /* LoginVC.swift in Sources */,
				8CC8897425E5FA4F00B01434 /* Localizator.swift in Sources */,
				8C1A89FE25ECBDD60038295E /* FoodCategoryCell.swift in Sources */,
				8C1A89FB25ECADD40038295E /* OrderCell.swift in Sources */,
				8CF03DA825ED16E4007BDFD6 /* Cart.swift in Sources */,
				8CF03DCF25ED2A54007BDFD6 /* CartCell.swift in Sources */,
				8CC8897125E5F97200B01434 /* AlertProvider.swift in Sources */,
				8C1A89F225ECAC6A0038295E /* FoodVC.swift in Sources */,
				8C6D7A8325EFD37900F2FCF0 /* Food.swift in Sources */,
				8C046C5F25E6A92B001F2CA9 /* RequestLocationVC.swift in Sources */,
				8C1A89F825ECAC8F0038295E /* AccountVC.swift in Sources */,
				8CC8897B25E60F0A00B01434 /* ResetPasswordVC.swift in Sources */,
				8C046C5C25E6A352001F2CA9 /* CustomComponents.swift in Sources */,
				8C1A89F525ECAC780038295E /* OrderVC.swift in Sources */,
				8CF03DA425ECEFC4007BDFD6 /* FoodCell.swift in Sources */,
				8C6D7A8725EFD58100F2FCF0 /* Category.swift in Sources */,
				8C8A4E6B25F1267E00756143 /* User.swift in Sources */,
			);
			runOnlyForDeploymentPostprocessing = 0;
		};
/* End PBXSourcesBuildPhase section */

/* Begin PBXVariantGroup section */
		8C59866A25E4B628005A6F74 /* Main.storyboard */ = {
			isa = PBXVariantGroup;
			children = (
				8C59866B25E4B628005A6F74 /* Base */,
			);
			name = Main.storyboard;
			sourceTree = "<group>";
		};
		8C59866F25E4B62F005A6F74 /* LaunchScreen.storyboard */ = {
			isa = PBXVariantGroup;
			children = (
				8C59867025E4B62F005A6F74 /* Base */,
			);
			name = LaunchScreen.storyboard;
			sourceTree = "<group>";
		};
/* End PBXVariantGroup section */

/* Begin XCBuildConfiguration section */
		8C59867325E4B62F005A6F74 /* Debug */ = {
			isa = XCBuildConfiguration;
			buildSettings = {
				ALWAYS_SEARCH_USER_PATHS = NO;
				CLANG_ANALYZER_NONNULL = YES;
				CLANG_ANALYZER_NUMBER_OBJECT_CONVERSION = YES_AGGRESSIVE;
				CLANG_CXX_LANGUAGE_STANDARD = "gnu++14";
				CLANG_CXX_LIBRARY = "libc++";
				CLANG_ENABLE_MODULES = YES;
				CLANG_ENABLE_OBJC_ARC = YES;
				CLANG_ENABLE_OBJC_WEAK = YES;
				CLANG_WARN_BLOCK_CAPTURE_AUTORELEASING = YES;
				CLANG_WARN_BOOL_CONVERSION = YES;
				CLANG_WARN_COMMA = YES;
				CLANG_WARN_CONSTANT_CONVERSION = YES;
				CLANG_WARN_DEPRECATED_OBJC_IMPLEMENTATIONS = YES;
				CLANG_WARN_DIRECT_OBJC_ISA_USAGE = YES_ERROR;
				CLANG_WARN_DOCUMENTATION_COMMENTS = YES;
				CLANG_WARN_EMPTY_BODY = YES;
				CLANG_WARN_ENUM_CONVERSION = YES;
				CLANG_WARN_INFINITE_RECURSION = YES;
				CLANG_WARN_INT_CONVERSION = YES;
				CLANG_WARN_NON_LITERAL_NULL_CONVERSION = YES;
				CLANG_WARN_OBJC_IMPLICIT_RETAIN_SELF = YES;
				CLANG_WARN_OBJC_LITERAL_CONVERSION = YES;
				CLANG_WARN_OBJC_ROOT_CLASS = YES_ERROR;
				CLANG_WARN_QUOTED_INCLUDE_IN_FRAMEWORK_HEADER = YES;
				CLANG_WARN_RANGE_LOOP_ANALYSIS = YES;
				CLANG_WARN_STRICT_PROTOTYPES = YES;
				CLANG_WARN_SUSPICIOUS_MOVE = YES;
				CLANG_WARN_UNGUARDED_AVAILABILITY = YES_AGGRESSIVE;
				CLANG_WARN_UNREACHABLE_CODE = YES;
				CLANG_WARN__DUPLICATE_METHOD_MATCH = YES;
				COPY_PHASE_STRIP = NO;
				DEBUG_INFORMATION_FORMAT = dwarf;
				ENABLE_STRICT_OBJC_MSGSEND = YES;
				ENABLE_TESTABILITY = YES;
				GCC_C_LANGUAGE_STANDARD = gnu11;
				GCC_DYNAMIC_NO_PIC = NO;
				GCC_NO_COMMON_BLOCKS = YES;
				GCC_OPTIMIZATION_LEVEL = 0;
				GCC_PREPROCESSOR_DEFINITIONS = (
					"DEBUG=1",
					"$(inherited)",
				);
				GCC_WARN_64_TO_32_BIT_CONVERSION = YES;
				GCC_WARN_ABOUT_RETURN_TYPE = YES_ERROR;
				GCC_WARN_UNDECLARED_SELECTOR = YES;
				GCC_WARN_UNINITIALIZED_AUTOS = YES_AGGRESSIVE;
				GCC_WARN_UNUSED_FUNCTION = YES;
				GCC_WARN_UNUSED_VARIABLE = YES;
				IPHONEOS_DEPLOYMENT_TARGET = 14.4;
				MTL_ENABLE_DEBUG_INFO = INCLUDE_SOURCE;
				MTL_FAST_MATH = YES;
				ONLY_ACTIVE_ARCH = YES;
				SDKROOT = iphoneos;
				SWIFT_ACTIVE_COMPILATION_CONDITIONS = DEBUG;
				SWIFT_OPTIMIZATION_LEVEL = "-Onone";
			};
			name = Debug;
		};
		8C59867425E4B62F005A6F74 /* Release */ = {
			isa = XCBuildConfiguration;
			buildSettings = {
				ALWAYS_SEARCH_USER_PATHS = NO;
				CLANG_ANALYZER_NONNULL = YES;
				CLANG_ANALYZER_NUMBER_OBJECT_CONVERSION = YES_AGGRESSIVE;
				CLANG_CXX_LANGUAGE_STANDARD = "gnu++14";
				CLANG_CXX_LIBRARY = "libc++";
				CLANG_ENABLE_MODULES = YES;
				CLANG_ENABLE_OBJC_ARC = YES;
				CLANG_ENABLE_OBJC_WEAK = YES;
				CLANG_WARN_BLOCK_CAPTURE_AUTORELEASING = YES;
				CLANG_WARN_BOOL_CONVERSION = YES;
				CLANG_WARN_COMMA = YES;
				CLANG_WARN_CONSTANT_CONVERSION = YES;
				CLANG_WARN_DEPRECATED_OBJC_IMPLEMENTATIONS = YES;
				CLANG_WARN_DIRECT_OBJC_ISA_USAGE = YES_ERROR;
				CLANG_WARN_DOCUMENTATION_COMMENTS = YES;
				CLANG_WARN_EMPTY_BODY = YES;
				CLANG_WARN_ENUM_CONVERSION = YES;
				CLANG_WARN_INFINITE_RECURSION = YES;
				CLANG_WARN_INT_CONVERSION = YES;
				CLANG_WARN_NON_LITERAL_NULL_CONVERSION = YES;
				CLANG_WARN_OBJC_IMPLICIT_RETAIN_SELF = YES;
				CLANG_WARN_OBJC_LITERAL_CONVERSION = YES;
				CLANG_WARN_OBJC_ROOT_CLASS = YES_ERROR;
				CLANG_WARN_QUOTED_INCLUDE_IN_FRAMEWORK_HEADER = YES;
				CLANG_WARN_RANGE_LOOP_ANALYSIS = YES;
				CLANG_WARN_STRICT_PROTOTYPES = YES;
				CLANG_WARN_SUSPICIOUS_MOVE = YES;
				CLANG_WARN_UNGUARDED_AVAILABILITY = YES_AGGRESSIVE;
				CLANG_WARN_UNREACHABLE_CODE = YES;
				CLANG_WARN__DUPLICATE_METHOD_MATCH = YES;
				COPY_PHASE_STRIP = NO;
				DEBUG_INFORMATION_FORMAT = "dwarf-with-dsym";
				ENABLE_NS_ASSERTIONS = NO;
				ENABLE_STRICT_OBJC_MSGSEND = YES;
				GCC_C_LANGUAGE_STANDARD = gnu11;
				GCC_NO_COMMON_BLOCKS = YES;
				GCC_WARN_64_TO_32_BIT_CONVERSION = YES;
				GCC_WARN_ABOUT_RETURN_TYPE = YES_ERROR;
				GCC_WARN_UNDECLARED_SELECTOR = YES;
				GCC_WARN_UNINITIALIZED_AUTOS = YES_AGGRESSIVE;
				GCC_WARN_UNUSED_FUNCTION = YES;
				GCC_WARN_UNUSED_VARIABLE = YES;
				IPHONEOS_DEPLOYMENT_TARGET = 14.4;
				MTL_ENABLE_DEBUG_INFO = NO;
				MTL_FAST_MATH = YES;
				SDKROOT = iphoneos;
				SWIFT_COMPILATION_MODE = wholemodule;
				SWIFT_OPTIMIZATION_LEVEL = "-O";
				VALIDATE_PRODUCT = YES;
			};
			name = Release;
		};
		8C59867625E4B62F005A6F74 /* Debug */ = {
			isa = XCBuildConfiguration;
			baseConfigurationReference = 07B18C723D54391472F2DAE4 /* Pods-NIBMCafeteria.debug.xcconfig */;
			buildSettings = {
				ASSETCATALOG_COMPILER_APPICON_NAME = AppIcon;
				ASSETCATALOG_COMPILER_GLOBAL_ACCENT_COLOR_NAME = AccentColor;
				CODE_SIGN_STYLE = Automatic;
				DEVELOPMENT_TEAM = G72LNDR5BT;
				INFOPLIST_FILE = NIBMCafeteria/Info.plist;
				LD_RUNPATH_SEARCH_PATHS = (
					"$(inherited)",
					"@executable_path/Frameworks",
				);
				PRODUCT_BUNDLE_IDENTIFIER = com.nibmcafeteria.nibm.NIBMCafeteria;
				PRODUCT_NAME = "$(TARGET_NAME)";
				SWIFT_VERSION = 5.0;
				TARGETED_DEVICE_FAMILY = "1,2";
			};
			name = Debug;
		};
		8C59867725E4B62F005A6F74 /* Release */ = {
			isa = XCBuildConfiguration;
			baseConfigurationReference = 1149C2DDA9F4792E2CE89DBB /* Pods-NIBMCafeteria.release.xcconfig */;
			buildSettings = {
				ASSETCATALOG_COMPILER_APPICON_NAME = AppIcon;
				ASSETCATALOG_COMPILER_GLOBAL_ACCENT_COLOR_NAME = AccentColor;
				CODE_SIGN_STYLE = Automatic;
				DEVELOPMENT_TEAM = G72LNDR5BT;
				INFOPLIST_FILE = NIBMCafeteria/Info.plist;
				LD_RUNPATH_SEARCH_PATHS = (
					"$(inherited)",
					"@executable_path/Frameworks",
				);
				PRODUCT_BUNDLE_IDENTIFIER = com.nibmcafeteria.nibm.NIBMCafeteria;
				PRODUCT_NAME = "$(TARGET_NAME)";
				SWIFT_VERSION = 5.0;
				TARGETED_DEVICE_FAMILY = "1,2";
			};
			name = Release;
		};
/* End XCBuildConfiguration section */

/* Begin XCConfigurationList section */
		8C59865C25E4B628005A6F74 /* Build configuration list for PBXProject "NIBMCafeteria" */ = {
			isa = XCConfigurationList;
			buildConfigurations = (
				8C59867325E4B62F005A6F74 /* Debug */,
				8C59867425E4B62F005A6F74 /* Release */,
			);
			defaultConfigurationIsVisible = 0;
			defaultConfigurationName = Release;
		};
		8C59867525E4B62F005A6F74 /* Build configuration list for PBXNativeTarget "NIBMCafeteria" */ = {
			isa = XCConfigurationList;
			buildConfigurations = (
				8C59867625E4B62F005A6F74 /* Debug */,
				8C59867725E4B62F005A6F74 /* Release */,
			);
			defaultConfigurationIsVisible = 0;
			defaultConfigurationName = Release;
		};
/* End XCConfigurationList section */
	};
	rootObject = 8C59865925E4B628005A6F74 /* Project object */;
}
